
Microsoft Visual Studio Solution File, Format Version 12.00
# Visual Studio Version 16
VisualStudioVersion = 16.0.30907.101
MinimumVisualStudioVersion = 10.0.40219.1
Project("{FAE04EC0-301F-11D3-BF4B-00C04F79EFBC}") = "WebTest", "WebTest\WebTest.csproj", "{65A28F41-ED7E-40FE-B84C-7A4358265CCA}"
EndProject
Global
	GlobalSection(SolutionConfigurationPlatforms) = preSolution
		Debug|Any CPU = Debug|Any CPU
		Release|Any CPU = Release|Any CPU
	EndGlobalSection
	GlobalSection(ProjectConfigurationPlatforms) = postSolution
		{65A28F41-ED7E-40FE-B84C-7A4358265CCA}.Debug|Any CPU.ActiveCfg = Debug|Any CPU
		{65A28F41-ED7E-40FE-B84C-7A4358265CCA}.Debug|Any CPU.Build.0 = Debug|Any CPU
		{65A28F41-ED7E-40FE-B84C-7A4358265CCA}.Release|Any CPU.ActiveCfg = Release|Any CPU
		{65A28F41-ED7E-40FE-B84C-7A4358265CCA}.Release|Any CPU.Build.0 = Release|Any CPU
	EndGlobalSection
	GlobalSection(SolutionProperties) = preSolution
		HideSolutionNode = FALSE
	EndGlobalSection
	GlobalSection(ExtensibilityGlobals) = postSolution
		SolutionGuid = {2736EAE3-C777-4A27-8255-2096C438C604}
	EndGlobalSection
EndGlobal
